
Microsoft Visual Studio Solution File, Format Version 12.00
# Visual Studio Version 17
VisualStudioVersion = 17.9.34728.123
MinimumVisualStudioVersion = 10.0.40219.1
Project("{FAE04EC0-301F-11D3-BF4B-00C04F79EFBC}") = "VacationLabb1", "VacationLabb1\VacationLabb1.csproj", "{98B5C846-4F22-4A43-B859-303F78B9A9A2}"
EndProject
Global
	GlobalSection(SolutionConfigurationPlatforms) = preSolution
		Debug|Any CPU = Debug|Any CPU
		Release|Any CPU = Release|Any CPU
	EndGlobalSection
	GlobalSection(ProjectConfigurationPlatforms) = postSolution
		{98B5C846-4F22-4A43-B859-303F78B9A9A2}.Debug|Any CPU.ActiveCfg = Debug|Any CPU
		{98B5C846-4F22-4A43-B859-303F78B9A9A2}.Debug|Any CPU.Build.0 = Debug|Any CPU
		{98B5C846-4F22-4A43-B859-303F78B9A9A2}.Release|Any CPU.ActiveCfg = Release|Any CPU
		{98B5C846-4F22-4A43-B859-303F78B9A9A2}.Release|Any CPU.Build.0 = Release|Any CPU
	EndGlobalSection
	GlobalSection(SolutionProperties) = preSolution
		HideSolutionNode = FALSE
	EndGlobalSection
	GlobalSection(ExtensibilityGlobals) = postSolution
		SolutionGuid = {00607320-A7BD-49C8-9947-9B56BA1ACE2F}
	EndGlobalSection
EndGlobal
